{
  "name": "elm",
  "version": "1.0.0",
  "lockfileVersion": 1,
  "requires": true,
  "dependencies": {
    "bootstrap": {
      "version": "4.5.3",
      "resolved": "https://registry.npmjs.org/bootstrap/-/bootstrap-4.5.3.tgz",
      "integrity": "sha512-o9ppKQioXGqhw8Z7mah6KdTYpNQY//tipnkxppWhPbiSWdD+1raYsnhwEZjkTHYbGee4cVQ0Rx65EhOY/HNLcQ=="
    },
    "keen-slider": {
      "version": "5.3.5",
      "resolved": "https://registry.npmjs.org/keen-slider/-/keen-slider-5.3.5.tgz",
      "integrity": "sha512-3QYvrFK7HbtkiC98/G+RM44y9WBe9cpHDHtP9bI1J/Vrc54IHLuTjOjyX4E81ukRc5GwiGfijOwStxEhisFnPg=="
    }
  }
}
